%{
  "socket": {:git, "https://github.com/Lazarus404/elixir-socket.git", "22a65b2739611bf1f00135b72a21b256a16f645f", []},
  "uuid": {:hex, :uuid, "1.1.8", "e22fc04499de0de3ed1116b770c7737779f226ceefa0badb3592e64d5cfb4eb9", [:mix], [], "hexpm", "c790593b4c3b601f5dc2378baae7efaf5b3d73c4c6456ba85759905be792f2ac"},
}
